lockfileVersion: '9.0'

settings:
  autoInstallPeers: true
  excludeLinksFromLockfile: false

importers:

  .:
    devDependencies:
      '@electric-sql/pglite':
        specifier: 0.5.8
        version: 0.5.8
      '@electric-sql/pglite-pgvector':
        specifier: 0.0.9
        version: 0.0.9(@electric-sql/pglite@0.5.8)

packages:

  '@electric-sql/pglite-pgvector@0.0.9':
    resolution: {integrity: sha512-ue4iBW651gDQwBwn97Ekv1lYGPvXa1ymHbRbTCSL0Ib286PRDD1VDOwzwEoekZuO/wctMbTzKzlwdgDwYrqZ8A==}
    peerDependencies:
      '@electric-sql/pglite': 0.5.8

  '@electric-sql/pglite@0.5.8':
    resolution: {integrity: sha512-n9tsbUOhwx2epK1V0ZG9Ar4SHWUju04dhmzZXiSBXwBoleOvIfals33NAaWgagQVAL4Rbvx/Ptsu3P+pA09f6Q==}

snapshots:

  '@electric-sql/pglite-pgvector@0.0.9(@electric-sql/pglite@0.5.8)':
    dependencies:
      '@electric-sql/pglite': 0.5.8

  '@electric-sql/pglite@0.5.8': {}
